// !$*UTF8*$!
{
	archiveVersion = 1;
	classes = {
	};
	objectVersion = 46;
	objects = {

/* Begin PBXBuildFile section */
		9C442AF018DD874F00F0BBBB /* mario_closed.png in Resources */ = {isa = PBXBuildFile; fileRef = 9C442AEE18DD874F00F0BBBB /* mario_closed.png */; };
		9C442AF118DD874F00F0BBBB /* mario_open.png in Resources */ = {isa = PBXBuildFile; fileRef = 9C442AEF18DD874F00F0BBBB /* mario_open.png */; };
		9C442AF818DFABD100F0BBBB /* boo_closed.png in Resources */ = {isa = PBXBuildFile; fileRef = 9C442AF218DFABD100F0BBBB /* boo_closed.png */; };
		9C442AF918DFABD100F0BBBB /* boo_open.png in Resources */ = {isa = PBXBuildFile; fileRef = 9C442AF318DFABD100F0BBBB /* boo_open.png */; };
		9C442AFA18DFABD100F0BBBB /* goomba_closed.png in Resources */ = {isa = PBXBuildFile; fileRef = 9C442AF418DFABD100F0BBBB /* goomba_closed.png */; };
		9C442AFB18DFABD100F0BBBB /* goomba_open.png in Resources */ = {isa = PBXBuildFile; fileRef = 9C442AF518DFABD100F0BBBB /* goomba_open.png */; };
		9C442AFC18DFABD100F0BBBB /* peach_closed.png in Resources */ = {isa = PBXBuildFile; fileRef = 9C442AF618DFABD100F0BBBB /* peach_closed.png */; };
		9C442AFD18DFABD100F0BBBB /* peach_open.png in Resources */ = {isa = PBXBuildFile; fileRef = 9C442AF718DFABD100F0BBBB /* peach_open.png */; };
		9CA64DAD169F142100450C1D /* UIKit.framework in Frameworks */ = {isa = PBXBuildFile; fileRef = 9CA64DAC169F142100450C1D /* UIKit.framework */; };
		9CA64DAF169F142100450C1D /* Foundation.framework in Frameworks */ = {isa = PBXBuildFile; fileRef = 9CA64DAE169F142100450C1D /* Foundation.framework */; };
		9CA64DB1169F142100450C1D /* CoreGraphics.framework in Frameworks */ = {isa = PBXBuildFile; fileRef = 9CA64DB0169F142100450C1D /* CoreGraphics.framework */; };
		9CA64DB7169F142100450C1D /* InfoPlist.strings in Resources */ = {isa = PBXBuildFile; fileRef = 9CA64DB5169F142100450C1D /* InfoPlist.strings */; };
		9CA64DB9169F142100450C1D /* main.m in Sources */ = {isa = PBXBuildFile; fileRef = 9CA64DB8169F142100450C1D /* main.m */; };
		9CA64DBD169F142100450C1D /* AppDelegate.m in Sources */ = {isa = PBXBuildFile; fileRef = 9CA64DBC169F142100450C1D /* AppDelegate.m */; };
		9CA64DBF169F142100450C1D /* Default.png in Resources */ = {isa = PBXBuildFile; fileRef = 9CA64DBE169F142100450C1D /* Default.png */; };
		9CA64DC1169F142100450C1D /* Default@2x.png in Resources */ = {isa = PBXBuildFile; fileRef = 9CA64DC0169F142100450C1D /* Default@2x.png */; };
		9CA64DC3169F142100450C1D /* Default-568h@2x.png in Resources */ = {isa = PBXBuildFile; fileRef = 9CA64DC2169F142100450C1D /* Default-568h@2x.png */; };
		9CA64DC6169F142100450C1D /* MainStoryboard_iPhone.storyboard in Resources */ = {isa = PBXBuildFile; fileRef = 9CA64DC4169F142100450C1D /* MainStoryboard_iPhone.storyboard */; };
		9CA64DC9169F142100450C1D /* MainStoryboard_iPad.storyboard in Resources */ = {isa = PBXBuildFile; fileRef = 9CA64DC7169F142100450C1D /* MainStoryboard_iPad.storyboard */; };
		9CA64DCC169F142100450C1D /* ViewController.m in Sources */ = {isa = PBXBuildFile; fileRef = 9CA64DCB169F142100450C1D /* ViewController.m */; };
		9CA64DD4169F142100450C1D /* SenTestingKit.framework in Frameworks */ = {isa = PBXBuildFile; fileRef = 9CA64DD3169F142100450C1D /* SenTestingKit.framework */; };
		9CA64DD5169F142100450C1D /* UIKit.framework in Frameworks */ = {isa = PBXBuildFile; fileRef = 9CA64DAC169F142100450C1D /* UIKit.framework */; };
		9CA64DD6169F142100450C1D /* Foundation.framework in Frameworks */ = {isa = PBXBuildFile; fileRef = 9CA64DAE169F142100450C1D /* Foundation.framework */; };
		9CA64DDE169F142200450C1D /* InfoPlist.strings in Resources */ = {isa = PBXBuildFile; fileRef = 9CA64DDC169F142200450C1D /* InfoPlist.strings */; };
		9CA64DE1169F142200450C1D /* Mario_FaceTests.m in Sources */ = {isa = PBXBuildFile; fileRef = 9CA64DE0169F142200450C1D /* Mario_FaceTests.m */; };
		9CA64DEB169F196200450C1D /* Mario57.png in Resources */ = {isa = PBXBuildFile; fileRef = 9CA64DEA169F196200450C1D /* Mario57.png */; };
		9CA64DED169F196600450C1D /* Mario114.png in Resources */ = {isa = PBXBuildFile; fileRef = 9CA64DEC169F196600450C1D /* Mario114.png */; };
/* End PBXBuildFile section */

/* Begin PBXContainerItemProxy section */
		9CA64DD7169F142200450C1D /* PBXContainerItemProxy */ = {
			isa = PBXContainerItemProxy;
			containerPortal = 9CA64D9F169F142100450C1D /* Project object */;
			proxyType = 1;
			remoteGlobalIDString = 9CA64DA7169F142100450C1D;
			remoteInfo = "Mario Face";
		};
/* End PBXContainerItemProxy section */

/* Begin PBXFileReference section */
		9C442AEE18DD874F00F0BBBB /* mario_closed.png */ = {isa = PBXFileReference; lastKnownFileType = image.png; path = mario_closed.png; sourceTree = "<group>"; };
		9C442AEF18DD874F00F0BBBB /* mario_open.png */ = {isa = PBXFileReference; lastKnownFileType = image.png; path = mario_open.png; sourceTree = "<group>"; };
		9C442AF218DFABD100F0BBBB /* boo_closed.png */ = {isa = PBXFileReference; lastKnownFileType = image.png; path = boo_closed.png; sourceTree = "<group>"; };
		9C442AF318DFABD100F0BBBB /* boo_open.png */ = {isa = PBXFileReference; lastKnownFileType = image.png; path = boo_open.png; sourceTree = "<group>"; };
		9C442AF418DFABD100F0BBBB /* goomba_closed.png */ = {isa = PBXFileReference; lastKnownFileType = image.png; path = goomba_closed.png; sourceTree = "<group>"; };
		9C442AF518DFABD100F0BBBB /* goomba_open.png */ = {isa = PBXFileReference; lastKnownFileType = image.png; path = goomba_open.png; sourceTree = "<group>"; };
		9C442AF618DFABD100F0BBBB /* peach_closed.png */ = {isa = PBXFileReference; lastKnownFileType = image.png; path = peach_closed.png; sourceTree = "<group>"; };
		9C442AF718DFABD100F0BBBB /* peach_open.png */ = {isa = PBXFileReference; lastKnownFileType = image.png; path = peach_open.png; sourceTree = "<group>"; };
		9CA64DA8169F142100450C1D /* Mario Face.app */ = {isa = PBXFileReference; explicitFileType = wrapper.application; includeInIndex = 0; path = "Mario Face.app"; sourceTree = BUILT_PRODUCTS_DIR; };
		9CA64DAC169F142100450C1D /* UIKit.framework */ = {isa = PBXFileReference; lastKnownFileType = wrapper.framework; name = UIKit.framework; path = System/Library/Frameworks/UIKit.framework; sourceTree = SDKROOT; };
		9CA64DAE169F142100450C1D /* Foundation.framework */ = {isa = PBXFileReference; lastKnownFileType = wrapper.framework; name = Foundation.framework; path = System/Library/Frameworks/Foundation.framework; sourceTree = SDKROOT; };
		9CA64DB0169F142100450C1D /* CoreGraphics.framework */ = {isa = PBXFileReference; lastKnownFileType = wrapper.framework; name = CoreGraphics.framework; path = System/Library/Frameworks/CoreGraphics.framework; sourceTree = SDKROOT; };
		9CA64DB4169F142100450C1D /* Mario Face-Info.plist */ = {isa = PBXFileReference; lastKnownFileType = text.plist.xml; path = "Mario Face-Info.plist"; sourceTree = "<group>"; };
		9CA64DB6169F142100450C1D /* en */ = {isa = PBXFileReference; lastKnownFileType = text.plist.strings; name = en; path = en.lproj/InfoPlist.strings; sourceTree = "<group>"; };
		9CA64DB8169F142100450C1D /* main.m */ = {isa = PBXFileReference; lastKnownFileType = sourcecode.c.objc; path = main.m; sourceTree = "<group>"; };
		9CA64DBA169F142100450C1D /* Mario Face-Prefix.pch */ = {isa = PBXFileReference; lastKnownFileType = sourcecode.c.h; path = "Mario Face-Prefix.pch"; sourceTree = "<group>"; };
		9CA64DBB169F142100450C1D /* AppDelegate.h */ = {isa = PBXFileReference; lastKnownFileType = sourcecode.c.h; path = AppDelegate.h; sourceTree = "<group>"; };
		9CA64DBC169F142100450C1D /* AppDelegate.m */ = {isa = PBXFileReference; lastKnownFileType = sourcecode.c.objc; path = AppDelegate.m; sourceTree = "<group>"; };
		9CA64DBE169F142100450C1D /* Default.png */ = {isa = PBXFileReference; lastKnownFileType = image.png; path = Default.png; sourceTree = "<group>"; };
		9CA64DC0169F142100450C1D /* Default@2x.png */ = {isa = PBXFileReference; lastKnownFileType = image.png; path = "Default@2x.png"; sourceTree = "<group>"; };
		9CA64DC2169F142100450C1D /* Default-568h@2x.png */ = {isa = PBXFileReference; lastKnownFileType = image.png; path = "Default-568h@2x.png"; sourceTree = "<group>"; };
		9CA64DC5169F142100450C1D /* en */ = {isa = PBXFileReference; lastKnownFileType = file.storyboard; name = en; path = en.lproj/MainStoryboard_iPhone.storyboard; sourceTree = "<group>"; };
		9CA64DC8169F142100450C1D /* en */ = {isa = PBXFileReference; lastKnownFileType = file.storyboard; name = en; path = en.lproj/MainStoryboard_iPad.storyboard; sourceTree = "<group>"; };
		9CA64DCA169F142100450C1D /* ViewController.h */ = {isa = PBXFileReference; lastKnownFileType = sourcecode.c.h; path = ViewController.h; sourceTree = "<group>"; };
		9CA64DCB169F142100450C1D /* ViewController.m */ = {isa = PBXFileReference; lastKnownFileType = sourcecode.c.objc; path = ViewController.m; sourceTree = "<group>"; };
		9CA64DD2169F142100450C1D /* Mario FaceTests.octest */ = {isa = PBXFileReference; explicitFileType = wrapper.cfbundle; includeInIndex = 0; path = "Mario FaceTests.octest"; sourceTree = BUILT_PRODUCTS_DIR; };
		9CA64DD3169F142100450C1D /* SenTestingKit.framework */ = {isa = PBXFileReference; lastKnownFileType = wrapper.framework; name = SenTestingKit.framework; path = Library/Frameworks/SenTestingKit.framework; sourceTree = DEVELOPER_DIR; };
		9CA64DDB169F142200450C1D /* Mario FaceTests-Info.plist */ = {isa = PBXFileReference; lastKnownFileType = text.plist.xml; path = "Mario FaceTests-Info.plist"; sourceTree = "<group>"; };
		9CA64DDD169F142200450C1D /* en */ = {isa = PBXFileReference; lastKnownFileType = text.plist.strings; name = en; path = en.lproj/InfoPlist.strings; sourceTree = "<group>"; };
		9CA64DDF169F142200450C1D /* Mario_FaceTests.h */ = {isa = PBXFileReference; lastKnownFileType = sourcecode.c.h; path = Mario_FaceTests.h; sourceTree = "<group>"; };
		9CA64DE0169F142200450C1D /* Mario_FaceTests.m */ = {isa = PBXFileReference; lastKnownFileType = sourcecode.c.objc; path = Mario_FaceTests.m; sourceTree = "<group>"; };
		9CA64DEA169F196200450C1D /* Mario57.png */ = {isa = PBXFileReference; lastKnownFileType = image.png; path = Mario57.png; sourceTree = "<group>"; };
		9CA64DEC169F196600450C1D /* Mario114.png */ = {isa = PBXFileReference; lastKnownFileType = image.png; path = Mario114.png; sourceTree = "<group>"; };
/* End PBXFileReference section */

/* Begin PBXFrameworksBuildPhase section */
		9CA64DA5169F142100450C1D /* Frameworks */ = {
			isa = PBXFrameworksBuildPhase;
			buildActionMask = 2147483647;
			files = (
				9CA64DAD169F142100450C1D /* UIKit.framework in Frameworks */,
				9CA64DAF169F142100450C1D /* Foundation.framework in Frameworks */,
				9CA64DB1169F142100450C1D /* CoreGraphics.framework in Frameworks */,
			);
			runOnlyForDeploymentPostprocessing = 0;
		};
		9CA64DCE169F142100450C1D /* Frameworks */ = {
			isa = PBXFrameworksBuildPhase;
			buildActionMask = 2147483647;
			files = (
				9CA64DD4169F142100450C1D /* SenTestingKit.framework in Frameworks */,
				9CA64DD5169F142100450C1D /* UIKit.framework in Frameworks */,
				9CA64DD6169F142100450C1D /* Foundation.framework in Frameworks */,
			);
			runOnlyForDeploymentPostprocessing = 0;
		};
/* End PBXFrameworksBuildPhase section */

/* Begin PBXGroup section */
		9CA64D9D169F142100450C1D = {
			isa = PBXGroup;
			children = (
				9C442AEE18DD874F00F0BBBB /* mario_closed.png */,
				9C442AEF18DD874F00F0BBBB /* mario_open.png */,
				9C442AF218DFABD100F0BBBB /* boo_closed.png */,
				9C442AF318DFABD100F0BBBB /* boo_open.png */,
				9C442AF418DFABD100F0BBBB /* goomba_closed.png */,
				9C442AF518DFABD100F0BBBB /* goomba_open.png */,
				9C442AF618DFABD100F0BBBB /* peach_closed.png */,
				9C442AF718DFABD100F0BBBB /* peach_open.png */,
				9CA64DEC169F196600450C1D /* Mario114.png */,
				9CA64DEA169F196200450C1D /* Mario57.png */,
				9CA64DB2169F142100450C1D /* Mario Face */,
				9CA64DD9169F142200450C1D /* Mario FaceTests */,
				9CA64DAB169F142100450C1D /* Frameworks */,
				9CA64DA9169F142100450C1D /* Products */,
			);
			sourceTree = "<group>";
		};
		9CA64DA9169F142100450C1D /* Products */ = {
			isa = PBXGroup;
			children = (
				9CA64DA8169F142100450C1D /* Mario Face.app */,
				9CA64DD2169F142100450C1D /* Mario FaceTests.octest */,
			);
			name = Products;
			sourceTree = "<group>";
		};
		9CA64DAB169F142100450C1D /* Frameworks */ = {
			isa = PBXGroup;
			children = (
				9CA64DAC169F142100450C1D /* UIKit.framework */,
				9CA64DAE169F142100450C1D /* Foundation.framework */,
				9CA64DB0169F142100450C1D /* CoreGraphics.framework */,
				9CA64DD3169F142100450C1D /* SenTestingKit.framework */,
			);
			name = Frameworks;
			sourceTree = "<group>";
		};
		9CA64DB2169F142100450C1D /* Mario Face */ = {
			isa = PBXGroup;
			children = (
				9CA64DBB169F142100450C1D /* AppDelegate.h */,
				9CA64DBC169F142100450C1D /* AppDelegate.m */,
				9CA64DC4169F142100450C1D /* MainStoryboard_iPhone.storyboard */,
				9CA64DC7169F142100450C1D /* MainStoryboard_iPad.storyboard */,
				9CA64DCA169F142100450C1D /* ViewController.h */,
				9CA64DCB169F142100450C1D /* ViewController.m */,
				9CA64DB3169F142100450C1D /* Supporting Files */,
			);
			path = "Mario Face";
			sourceTree = "<group>";
		};
		9CA64DB3169F142100450C1D /* Supporting Files */ = {
			isa = PBXGroup;
			children = (
				9CA64DB4169F142100450C1D /* Mario Face-Info.plist */,
				9CA64DB5169F142100450C1D /* InfoPlist.strings */,
				9CA64DB8169F142100450C1D /* main.m */,
				9CA64DBA169F142100450C1D /* Mario Face-Prefix.pch */,
				9CA64DBE169F142100450C1D /* Default.png */,
				9CA64DC0169F142100450C1D /* Default@2x.png */,
				9CA64DC2169F142100450C1D /* Default-568h@2x.png */,
			);
			name = "Supporting Files";
			sourceTree = "<group>";
		};
		9CA64DD9169F142200450C1D /* Mario FaceTests */ = {
			isa = PBXGroup;
			children = (
				9CA64DDF169F142200450C1D /* Mario_FaceTests.h */,
				9CA64DE0169F142200450C1D /* Mario_FaceTests.m */,
				9CA64DDA169F142200450C1D /* Supporting Files */,
			);
			path = "Mario FaceTests";
			sourceTree = "<group>";
		};
		9CA64DDA169F142200450C1D /* Supporting Files */ = {
			isa = PBXGroup;
			children = (
				9CA64DDB169F142200450C1D /* Mario FaceTests-Info.plist */,
				9CA64DDC169F142200450C1D /* InfoPlist.strings */,
			);
			name = "Supporting Files";
			sourceTree = "<group>";
		};
/* End PBXGroup section */

/* Begin PBXNativeTarget section */
		9CA64DA7169F142100450C1D /* Mario Face */ = {
			isa = PBXNativeTarget;
			buildConfigurationList = 9CA64DE4169F142200450C1D /* Build configuration list for PBXNativeTarget "Mario Face" */;
			buildPhases = (
				9CA64DA4169F142100450C1D /* Sources */,
				9CA64DA5169F142100450C1D /* Frameworks */,
				9CA64DA6169F142100450C1D /* Resources */,
			);
			buildRules = (
			);
			dependencies = (
			);
			name = "Mario Face";
			productName = "Mario Face";
			productReference = 9CA64DA8169F142100450C1D /* Mario Face.app */;
			productType = "com.apple.product-type.application";
		};
		9CA64DD1169F142100450C1D /* Mario FaceTests */ = {
			isa = PBXNativeTarget;
			buildConfigurationList = 9CA64DE7169F142200450C1D /* Build configuration list for PBXNativeTarget "Mario FaceTests" */;
			buildPhases = (
				9CA64DCD169F142100450C1D /* Sources */,
				9CA64DCE169F142100450C1D /* Frameworks */,
				9CA64DCF169F142100450C1D /* Resources */,
				9CA64DD0169F142100450C1D /* ShellScript */,
			);
			buildRules = (
			);
			dependencies = (
				9CA64DD8169F142200450C1D /* PBXTargetDependency */,
			);
			name = "Mario FaceTests";
			productName = "Mario FaceTests";
			productReference = 9CA64DD2169F142100450C1D /* Mario FaceTests.octest */;
			productType = "com.apple.product-type.bundle";
		};
/* End PBXNativeTarget section */

/* Begin PBXProject section */
		9CA64D9F169F142100450C1D /* Project object */ = {
			isa = PBXProject;
			attributes = {
				LastUpgradeCheck = 0450;
				ORGANIZATIONNAME = "Ricky Ayoub";
			};
			buildConfigurationList = 9CA64DA2169F142100450C1D /* Build configuration list for PBXProject "Mario Face" */;
			compatibilityVersion = "Xcode 3.2";
			developmentRegion = English;
			hasScannedForEncodings = 0;
			knownRegions = (
				en,
			);
			mainGroup = 9CA64D9D169F142100450C1D;
			productRefGroup = 9CA64DA9169F142100450C1D /* Products */;
			projectDirPath = "";
			projectRoot = "";
			targets = (
				9CA64DA7169F142100450C1D /* Mario Face */,
				9CA64DD1169F142100450C1D /* Mario FaceTests */,
			);
		};
/* End PBXProject section */

/* Begin PBXResourcesBuildPhase section */
		9CA64DA6169F142100450C1D /* Resources */ = {
			isa = PBXResourcesBuildPhase;
			buildActionMask = 2147483647;
			files = (
				9C442AFB18DFABD100F0BBBB /* goomba_open.png in Resources */,
				9C442AF118DD874F00F0BBBB /* mario_open.png in Resources */,
				9CA64DB7169F142100450C1D /* InfoPlist.strings in Resources */,
				9C442AFD18DFABD100F0BBBB /* peach_open.png in Resources */,
				9CA64DBF169F142100450C1D /* Default.png in Resources */,
				9CA64DC1169F142100450C1D /* Default@2x.png in Resources */,
				9C442AF818DFABD100F0BBBB /* boo_closed.png in Resources */,
				9C442AF018DD874F00F0BBBB /* mario_closed.png in Resources */,
				9CA64DC3169F142100450C1D /* Default-568h@2x.png in Resources */,
				9CA64DC6169F142100450C1D /* MainStoryboard_iPhone.storyboard in Resources */,
				9C442AFA18DFABD100F0BBBB /* goomba_closed.png in Resources */,
				9C442AF918DFABD100F0BBBB /* boo_open.png in Resources */,
				9CA64DC9169F142100450C1D /* MainStoryboard_iPad.storyboard in Resources */,
				9C442AFC18DFABD100F0BBBB /* peach_closed.png in Resources */,
				9CA64DEB169F196200450C1D /* Mario57.png in Resources */,
				9CA64DED169F196600450C1D /* Mario114.png in Resources */,
			);
			runOnlyForDeploymentPostprocessing = 0;
		};
		9CA64DCF169F142100450C1D /* Resources */ = {
			isa = PBXResourcesBuildPhase;
			buildActionMask = 2147483647;
			files = (
				9CA64DDE169F142200450C1D /* InfoPlist.strings in Resources */,
			);
			runOnlyForDeploymentPostprocessing = 0;
		};
/* End PBXResourcesBuildPhase section */

/* Begin PBXShellScriptBuildPhase section */
		9CA64DD0169F142100450C1D /* ShellScript */ = {
			isa = PBXShellScriptBuildPhase;
			buildActionMask = 2147483647;
			files = (
			);
			inputPaths = (
			);
			outputPaths = (
			);
			runOnlyForDeploymentPostprocessing = 0;
			shellPath = /bin/sh;
			shellScript = "# Run the unit tests in this test bundle.\n\"${SYSTEM_DEVELOPER_DIR}/Tools/RunUnitTests\"\n";
		};
/* End PBXShellScriptBuildPhase section */

/* Begin PBXSourcesBuildPhase section */
		9CA64DA4169F142100450C1D /* Sources */ = {
			isa = PBXSourcesBuildPhase;
			buildActionMask = 2147483647;
			files = (
				9CA64DB9169F142100450C1D /* main.m in Sources */,
				9CA64DBD169F142100450C1D /* AppDelegate.m in Sources */,
				9CA64DCC169F142100450C1D /* ViewController.m in Sources */,
			);
			runOnlyForDeploymentPostprocessing = 0;
		};
		9CA64DCD169F142100450C1D /* Sources */ = {
			isa = PBXSourcesBuildPhase;
			buildActionMask = 2147483647;
			files = (
				9CA64DE1169F142200450C1D /* Mario_FaceTests.m in Sources */,
			);
			runOnlyForDeploymentPostprocessing = 0;
		};
/* End PBXSourcesBuildPhase section */

/* Begin PBXTargetDependency section */
		9CA64DD8169F142200450C1D /* PBXTargetDependency */ = {
			isa = PBXTargetDependency;
			target = 9CA64DA7169F142100450C1D /* Mario Face */;
			targetProxy = 9CA64DD7169F142200450C1D /* PBXContainerItemProxy */;
		};
/* End PBXTargetDependency section */

/* Begin PBXVariantGroup section */
		9CA64DB5169F142100450C1D /* InfoPlist.strings */ = {
			isa = PBXVariantGroup;
			children = (
				9CA64DB6169F142100450C1D /* en */,
			);
			name = InfoPlist.strings;
			sourceTree = "<group>";
		};
		9CA64DC4169F142100450C1D /* MainStoryboard_iPhone.storyboard */ = {
			isa = PBXVariantGroup;
			children = (
				9CA64DC5169F142100450C1D /* en */,
			);
			name = MainStoryboard_iPhone.storyboard;
			sourceTree = "<group>";
		};
		9CA64DC7169F142100450C1D /* MainStoryboard_iPad.storyboard */ = {
			isa = PBXVariantGroup;
			children = (
				9CA64DC8169F142100450C1D /* en */,
			);
			name = MainStoryboard_iPad.storyboard;
			sourceTree = "<group>";
		};
		9CA64DDC169F142200450C1D /* InfoPlist.strings */ = {
			isa = PBXVariantGroup;
			children = (
				9CA64DDD169F142200450C1D /* en */,
			);
			name = InfoPlist.strings;
			sourceTree = "<group>";
		};
/* End PBXVariantGroup section */

/* Begin XCBuildConfiguration section */
		9CA64DE2169F142200450C1D /* Debug */ = {
			isa = XCBuildConfiguration;
			buildSettings = {
				ALWAYS_SEARCH_USER_PATHS = NO;
				CLANG_CXX_LANGUAGE_STANDARD = "gnu++0x";
				CLANG_CXX_LIBRARY = "libc++";
				CLANG_ENABLE_OBJC_ARC = YES;
				CLANG_WARN_EMPTY_BODY = YES;
				CLANG_WARN__DUPLICATE_METHOD_MATCH = YES;
				"CODE_SIGN_IDENTITY[sdk=iphoneos*]" = "iPhone Developer";
				COPY_PHASE_STRIP = NO;
				GCC_C_LANGUAGE_STANDARD = gnu99;
				GCC_DYNAMIC_NO_PIC = NO;
				GCC_OPTIMIZATION_LEVEL = 0;
				GCC_PREPROCESSOR_DEFINITIONS = (
					"DEBUG=1",
					"$(inherited)",
				);
				GCC_SYMBOLS_PRIVATE_EXTERN = NO;
				GCC_WARN_ABOUT_RETURN_TYPE = YES;
				GCC_WARN_UNINITIALIZED_AUTOS = YES;
				GCC_WARN_UNUSED_VARIABLE = YES;
				IPHONEOS_DEPLOYMENT_TARGET = 6.0;
				ONLY_ACTIVE_ARCH = YES;
				SDKROOT = iphoneos;
				TARGETED_DEVICE_FAMILY = "1,2";
			};
			name = Debug;
		};
		9CA64DE3169F142200450C1D /* Release */ = {
			isa = XCBuildConfiguration;
			buildSettings = {
				ALWAYS_SEARCH_USER_PATHS = NO;
				CLANG_CXX_LANGUAGE_STANDARD = "gnu++0x";
				CLANG_CXX_LIBRARY = "libc++";
				CLANG_ENABLE_OBJC_ARC = YES;
				CLANG_WARN_EMPTY_BODY = YES;
				CLANG_WARN__DUPLICATE_METHOD_MATCH = YES;
				"CODE_SIGN_IDENTITY[sdk=iphoneos*]" = "iPhone Developer";
				COPY_PHASE_STRIP = YES;
				GCC_C_LANGUAGE_STANDARD = gnu99;
				GCC_WARN_ABOUT_RETURN_TYPE = YES;
				GCC_WARN_UNINITIALIZED_AUTOS = YES;
				GCC_WARN_UNUSED_VARIABLE = YES;
				IPHONEOS_DEPLOYMENT_TARGET = 6.0;
				OTHER_CFLAGS = "-DNS_BLOCK_ASSERTIONS=1";
				SDKROOT = iphoneos;
				TARGETED_DEVICE_FAMILY = "1,2";
				VALIDATE_PRODUCT = YES;
			};
			name = Release;
		};
		9CA64DE5169F142200450C1D /* Debug */ = {
			isa = XCBuildConfiguration;
			buildSettings = {
				GCC_PRECOMPILE_PREFIX_HEADER = YES;
				GCC_PREFIX_HEADER = "Mario Face/Mario Face-Prefix.pch";
				INFOPLIST_FILE = "Mario Face/Mario Face-Info.plist";
				PRODUCT_NAME = "$(TARGET_NAME)";
				TARGETED_DEVICE_FAMILY = 1;
				WRAPPER_EXTENSION = app;
			};
			name = Debug;
		};
		9CA64DE6169F142200450C1D /* Release */ = {
			isa = XCBuildConfiguration;
			buildSettings = {
				GCC_PRECOMPILE_PREFIX_HEADER = YES;
				GCC_PREFIX_HEADER = "Mario Face/Mario Face-Prefix.pch";
				INFOPLIST_FILE = "Mario Face/Mario Face-Info.plist";
				PRODUCT_NAME = "$(TARGET_NAME)";
				TARGETED_DEVICE_FAMILY = 1;
				WRAPPER_EXTENSION = app;
			};
			name = Release;
		};
		9CA64DE8169F142200450C1D /* Debug */ = {
			isa = XCBuildConfiguration;
			buildSettings = {
				BUNDLE_LOADER = "$(BUILT_PRODUCTS_DIR)/Mario Face.app/Mario Face";
				FRAMEWORK_SEARCH_PATHS = (
					"\"$(SDKROOT)/Developer/Library/Frameworks\"",
					"\"$(DEVELOPER_LIBRARY_DIR)/Frameworks\"",
				);
				GCC_PRECOMPILE_PREFIX_HEADER = YES;
				GCC_PREFIX_HEADER = "Mario Face/Mario Face-Prefix.pch";
				INFOPLIST_FILE = "Mario FaceTests/Mario FaceTests-Info.plist";
				PRODUCT_NAME = "$(TARGET_NAME)";
				TEST_HOST = "$(BUNDLE_LOADER)";
				WRAPPER_EXTENSION = octest;
			};
			name = Debug;
		};
		9CA64DE9169F142200450C1D /* Release */ = {
			isa = XCBuildConfiguration;
			buildSettings = {
				BUNDLE_LOADER = "$(BUILT_PRODUCTS_DIR)/Mario Face.app/Mario Face";
				FRAMEWORK_SEARCH_PATHS = (
					"\"$(SDKROOT)/Developer/Library/Frameworks\"",
					"\"$(DEVELOPER_LIBRARY_DIR)/Frameworks\"",
				);
				GCC_PRECOMPILE_PREFIX_HEADER = YES;
				GCC_PREFIX_HEADER = "Mario Face/Mario Face-Prefix.pch";
				INFOPLIST_FILE = "Mario FaceTests/Mario FaceTests-Info.plist";
				PRODUCT_NAME = "$(TARGET_NAME)";
				TEST_HOST = "$(BUNDLE_LOADER)";
				WRAPPER_EXTENSION = octest;
			};
			name = Release;
		};
/* End XCBuildConfiguration section */

/* Begin XCConfigurationList section */
		9CA64DA2169F142100450C1D /* Build configuration list for PBXProject "Mario Face" */ = {
			isa = XCConfigurationList;
			buildConfigurations = (
				9CA64DE2169F142200450C1D /* Debug */,
				9CA64DE3169F142200450C1D /* Release */,
			);
			defaultConfigurationIsVisible = 0;
			defaultConfigurationName = Release;
		};
		9CA64DE4169F142200450C1D /* Build configuration list for PBXNativeTarget "Mario Face" */ = {
			isa = XCConfigurationList;
			buildConfigurations = (
				9CA64DE5169F142200450C1D /* Debug */,
				9CA64DE6169F142200450C1D /* Release */,
			);
			defaultConfigurationIsVisible = 0;
			defaultConfigurationName = Release;
		};
		9CA64DE7169F142200450C1D /* Build configuration list for PBXNativeTarget "Mario FaceTests" */ = {
			isa = XCConfigurationList;
			buildConfigurations = (
				9CA64DE8169F142200450C1D /* Debug */,
				9CA64DE9169F142200450C1D /* Release */,
			);
			defaultConfigurationIsVisible = 0;
			defaultConfigurationName = Release;
		};
/* End XCConfigurationList section */
	};
	rootObject = 9CA64D9F169F142100450C1D /* Project object */;
}
